
Microsoft Visual Studio Solution File, Format Version 12.00
# Visual Studio Version 16
VisualStudioVersion = 16.0.28803.202
MinimumVisualStudioVersion = 10.0.40219.1
Project("{8BC9CEB8-8B4A-11D0-8D11-00A0C91BC942}") = "quicksort_2", "quicksort_2\quicksort_2.vcxproj", "{FD786F4A-0602-44CB-9ABE-F0DC5CC0AA93}"
EndProject
Global
	GlobalSection(SolutionConfigurationPlatforms) = preSolution
		Debug|x64 = Debug|x64
		Debug|x86 = Debug|x86
		Release|x64 = Release|x64
		Release|x86 = Release|x86
	EndGlobalSection
	GlobalSection(ProjectConfigurationPlatforms) = postSolution
		{FD786F4A-0602-44CB-9ABE-F0DC5CC0AA93}.Debug|x64.ActiveCfg = Debug|x64
		{FD786F4A-0602-44CB-9ABE-F0DC5CC0AA93}.Debug|x64.Build.0 = Debug|x64
		{FD786F4A-0602-44CB-9ABE-F0DC5CC0AA93}.Debug|x86.ActiveCfg = Debug|Win32
		{FD786F4A-0602-44CB-9ABE-F0DC5CC0AA93}.Debug|x86.Build.0 = Debug|Win32
		{FD786F4A-0602-44CB-9ABE-F0DC5CC0AA93}.Release|x64.ActiveCfg = Release|x64
		{FD786F4A-0602-44CB-9ABE-F0DC5CC0AA93}.Release|x64.Build.0 = Release|x64
		{FD786F4A-0602-44CB-9ABE-F0DC5CC0AA93}.Release|x86.ActiveCfg = Release|Win32
		{FD786F4A-0602-44CB-9ABE-F0DC5CC0AA93}.Release|x86.Build.0 = Release|Win32
	EndGlobalSection
	GlobalSection(SolutionProperties) = preSolution
		HideSolutionNode = FALSE
	EndGlobalSection
	GlobalSection(ExtensibilityGlobals) = postSolution
		SolutionGuid = {FD8CC3FF-8378-4F2F-B23C-FAF18C4B5BFD}
	EndGlobalSection
EndGlobal
